{
    "_readme": [
        "This file locks the dependencies of your project to a known state",
        "Read more about it at https://getcomposer.org/doc/01-basic-usage.md#installing-dependencies",
        "This file is @generated automatically"
    ],
    "content-hash": "646d90f0ac5f8df4a7abefaa29f1c77e",
    "packages": [
        {
            "name": "jeremeamia/superclosure",
            "version": "2.4.0",
            "source": {
                "type": "git",
                "url": "https://github.com/jeremeamia/super_closure.git",
                "reference": "5707d5821b30b9a07acfb4d76949784aaa0e9ce9"
            },
            "dist": {
                "type": "zip",
                "url": "https://api.github.com/repos/jeremeamia/super_closure/zipball/5707d5821b30b9a07acfb4d76949784aaa0e9ce9",
                "reference": "5707d5821b30b9a07acfb4d76949784aaa0e9ce9",
                "shasum": "",
                "mirrors": [
                    {
                        "url": "https://mirrors.aliyun.com/composer/dists/%package%/%reference%.%type%",
                        "preferred": true
                    }
                ]
            },
            "require": {
                "nikic/php-parser": "^1.2|^2.0|^3.0|^4.0",
                "php": ">=5.4",
                "symfony/polyfill-php56": "^1.0"
            },
            "require-dev": {
                "phpunit/phpunit": "^4.0|^5.0"
            },
            "type": "library",
            "extra": {
                "branch-alias": {
                    "dev-master": "2.4-dev"
                }
            },
            "autoload": {
                "psr-4": {
                    "SuperClosure\\": "src/"
                }
            },
            "notification-url": "https://packagist.org/downloads/",
            "license": [
                "MIT"
            ],
            "authors": [
                {
                    "name": "Jeremy Lindblom",
                    "email": "jeremeamia@gmail.com",
                    "homepage": "https://github.com/jeremeamia",
                    "role": "Developer"
                }
            ],
            "description": "Serialize Closure objects, including their context and binding",
            "homepage": "https://github.com/jeremeamia/super_closure",
            "keywords": [
                "closure",
                "function",
                "lambda",
                "parser",
                "serializable",
                "serialize",
                "tokenizer"
            ],
            "abandoned": "opis/closure",
            "time": "2018-03-21T22:21:57+00:00"
        },
        {
            "name": "nikic/php-parser",
            "version": "v4.6.0",
            "source": {
                "type": "git",
                "url": "https://github.com/nikic/PHP-Parser.git",
                "reference": "c346bbfafe2ff60680258b631afb730d186ed864"
            },
            "dist": {
                "type": "zip",
                "url": "https://api.github.com/repos/nikic/PHP-Parser/zipball/c346bbfafe2ff60680258b631afb730d186ed864",
                "reference": "c346bbfafe2ff60680258b631afb730d186ed864",
                "shasum": "",
                "mirrors": [
                    {
                        "url": "https://mirrors.aliyun.com/composer/dists/%package%/%reference%.%type%",
                        "preferred": true
                    }
                ]
            },
            "require": {
                "ext-tokenizer": "*",
                "php": ">=7.0"
            },
            "require-dev": {
                "ircmaxell/php-yacc": "0.0.5",
                "phpunit/phpunit": "^6.5 || ^7.0 || ^8.0"
            },
            "bin": [
                "bin/php-parse"
            ],
            "type": "library",
            "extra": {
                "branch-alias": {
                    "dev-master": "4.3-dev"
                }
            },
            "autoload": {
                "psr-4": {
                    "PhpParser\\": "lib/PhpParser"
                }
            },
            "notification-url": "https://packagist.org/downloads/",
            "license": [
                "BSD-3-Clause"
            ],
            "authors": [
                {
                    "name": "Nikita Popov"
                }
            ],
            "description": "A PHP parser written in PHP",
            "keywords": [
                "parser",
                "php"
            ],
            "time": "2020-07-02T17:12:47+00:00"
        },
        {
            "name": "phptars/tars-client",
            "version": "0.1.6",
            "source": {
                "type": "git",
                "url": "https://github.com/TarsPHP/tars-client.git",
                "reference": "0c8f4332adebb4ae0b1df8105013a986c01dd47a"
            },
            "dist": {
                "type": "zip",
                "url": "https://api.github.com/repos/TarsPHP/tars-client/zipball/0c8f4332adebb4ae0b1df8105013a986c01dd47a",
                "reference": "0c8f4332adebb4ae0b1df8105013a986c01dd47a",
                "shasum": "",
                "mirrors": [
                    {
                        "url": "https://mirrors.aliyun.com/composer/dists/%package%/%reference%.%type%",
                        "preferred": true
                    }
                ]
            },
            "require": {
                "php": ">=5.3",
                "phptars/tars-monitor": "~0.2",
                "phptars/tars-registry": "~0.1",
                "phptars/tars-utils": "~0.1"
            },
            "type": "library",
            "autoload": {
                "psr-4": {
                    "Tars\\client\\": "src/"
                }
            },
            "notification-url": "https://packagist.org/downloads/",
            "authors": [
                {
                    "name": "Xiaoguang Cui",
                    "email": "cuixiaoguang@yuewen.com"
                },
                {
                    "name": "Chen Liang",
                    "email": "cedricliang21@gmail.com"
                }
            ],
            "description": "tars的php-client能力",
            "time": "2018-12-22T09:55:32+00:00"
        },
        {
            "name": "phptars/tars-deploy",
            "version": "0.1.1",
            "source": {
                "type": "git",
                "url": "https://github.com/TarsPHP/tars-deploy.git",
                "reference": "90757c476426860cd6634f4f6bd46d43fa69f60f"
            },
            "dist": {
                "type": "zip",
                "url": "https://api.github.com/repos/TarsPHP/tars-deploy/zipball/90757c476426860cd6634f4f6bd46d43fa69f60f",
                "reference": "90757c476426860cd6634f4f6bd46d43fa69f60f",
                "shasum": "",
                "mirrors": [
                    {
                        "url": "https://mirrors.aliyun.com/composer/dists/%package%/%reference%.%type%",
                        "preferred": true
                    }
                ]
            },
            "require": {
                "php": ">=5.3"
            },
            "type": "library",
            "autoload": {
                "psr-4": {
                    "Tars\\deploy\\": "src/"
                }
            },
            "notification-url": "https://packagist.org/downloads/",
            "authors": [
                {
                    "name": "Panpan Ding",
                    "email": "dingpanpan@yuewen.com"
                }
            ],
            "description": "tarsphp 打包",
            "time": "2018-09-11T12:18:10+00:00"
        },
        {
            "name": "phptars/tars-monitor",
            "version": "0.2.0",
            "source": {
                "type": "git",
                "url": "https://github.com/TarsPHP/tars-monitor.git",
                "reference": "401b2e8326535c6e73b47761cf55dd89677b59ef"
            },
            "dist": {
                "type": "zip",
                "url": "https://api.github.com/repos/TarsPHP/tars-monitor/zipball/401b2e8326535c6e73b47761cf55dd89677b59ef",
                "reference": "401b2e8326535c6e73b47761cf55dd89677b59ef",
                "shasum": "",
                "mirrors": [
                    {
                        "url": "https://mirrors.aliyun.com/composer/dists/%package%/%reference%.%type%",
                        "preferred": true
                    }
                ]
            },
            "require": {
                "php": ">=5.5",
                "phptars/tars-registry": "~0.1",
                "phptars/tars-utils": "~0.1"
            },
            "type": "library",
            "autoload": {
                "psr-4": {
                    "Tars\\monitor\\": "src/"
                }
            },
            "notification-url": "https://packagist.org/downloads/",
            "authors": [
                {
                    "name": "Jingfeng Liu",
                    "email": "liujingfeng.a@yuewen.com"
                },
                {
                    "name": "Chen Liang",
                    "email": "cedricliang21@gmail.com"
                }
            ],
            "description": "tars的主调和特性上报",
            "time": "2018-12-22T08:55:49+00:00"
        },
        {
            "name": "phptars/tars-registry",
            "version": "0.1.7",
            "source": {
                "type": "git",
                "url": "https://github.com/TarsPHP/tars-registry.git",
                "reference": "2fed292bdc5d5445ee96a59d124501914868946f"
            },
            "dist": {
                "type": "zip",
                "url": "https://api.github.com/repos/TarsPHP/tars-registry/zipball/2fed292bdc5d5445ee96a59d124501914868946f",
                "reference": "2fed292bdc5d5445ee96a59d124501914868946f",
                "shasum": "",
                "mirrors": [
                    {
                        "url": "https://mirrors.aliyun.com/composer/dists/%package%/%reference%.%type%",
                        "preferred": true
                    }
                ]
            },
            "require": {
                "php": ">=5.6",
                "phptars/tars-utils": "~0.1"
            },
            "type": "library",
            "autoload": {
                "psr-4": {
                    "Tars\\registry\\": "src/"
                }
            },
            "notification-url": "https://packagist.org/downloads/",
            "authors": [
                {
                    "name": "Chen Liang",
                    "email": "liangchen@yuewen.com"
                },
                {
                    "name": "Jingfeng Liu",
                    "email": "liujingfeng.a@yuewen.com"
                }
            ],
            "description": "tars的php主控寻址相关",
            "time": "2019-03-20T11:17:34+00:00"
        },
        {
            "name": "phptars/tars-report",
            "version": "0.1.3",
            "source": {
                "type": "git",
                "url": "https://github.com/TarsPHP/tars-report.git",
                "reference": "3230d09adcf1a2b7a266b493488b05b140634cc0"
            },
            "dist": {
                "type": "zip",
                "url": "https://api.github.com/repos/TarsPHP/tars-report/zipball/3230d09adcf1a2b7a266b493488b05b140634cc0",
                "reference": "3230d09adcf1a2b7a266b493488b05b140634cc0",
                "shasum": "",
                "mirrors": [
                    {
                        "url": "https://mirrors.aliyun.com/composer/dists/%package%/%reference%.%type%",
                        "preferred": true
                    }
                ]
            },
            "require": {
                "php": ">=5.3"
            },
            "type": "library",
            "autoload": {
                "psr-4": {
                    "Tars\\report\\": "src/"
                }
            },
            "notification-url": "https://packagist.org/downloads/",
            "authors": [
                {
                    "name": "Chen Liang",
                    "email": "cedricliang21@gmail.com"
                }
            ],
            "description": "tars进行keep-alive上报的模块",
            "time": "2018-12-24T07:45:37+00:00"
        },
        {
            "name": "phptars/tars-utils",
            "version": "0.1.3",
            "source": {
                "type": "git",
                "url": "https://github.com/TarsPHP/tars-utils.git",
                "reference": "9912190b72604b5989dd028d3ff54807f9cdffa2"
            },
            "dist": {
                "type": "zip",
                "url": "https://api.github.com/repos/TarsPHP/tars-utils/zipball/9912190b72604b5989dd028d3ff54807f9cdffa2",
                "reference": "9912190b72604b5989dd028d3ff54807f9cdffa2",
                "shasum": "",
                "mirrors": [
                    {
                        "url": "https://mirrors.aliyun.com/composer/dists/%package%/%reference%.%type%",
                        "preferred": true
                    }
                ]
            },
            "require": {
                "php": ">=5.3"
            },
            "type": "library",
            "autoload": {
                "psr-4": {
                    "Tars\\": "src/"
                }
            },
            "notification-url": "https://packagist.org/downloads/",
            "authors": [
                {
                    "name": "Chen Liang",
                    "email": "liangchen@yuewen.com"
                }
            ],
            "description": "tars的php辅助文件",
            "time": "2018-09-21T10:28:26+00:00"
        },
        {
            "name": "phptars/tars2php",
            "version": "0.1.3",
            "source": {
                "type": "git",
                "url": "https://github.com/TarsPHP/tars2php.git",
                "reference": "a996fdc183bd1d6c6921d87af153aa54a6294b97"
            },
            "dist": {
                "type": "zip",
                "url": "https://api.github.com/repos/TarsPHP/tars2php/zipball/a996fdc183bd1d6c6921d87af153aa54a6294b97",
                "reference": "a996fdc183bd1d6c6921d87af153aa54a6294b97",
                "shasum": "",
                "mirrors": [
                    {
                        "url": "https://mirrors.aliyun.com/composer/dists/%package%/%reference%.%type%",
                        "preferred": true
                    }
                ]
            },
            "require": {
                "php": ">=5.3"
            },
            "type": "library",
            "notification-url": "https://packagist.org/downloads/",
            "authors": [
                {
                    "name": "Chen Liang",
                    "email": "liangchen@yuewen.com"
                }
            ],
            "description": "php代码自动生成工具",
            "time": "2018-09-11T10:40:14+00:00"
        },
        {
            "name": "symfony/polyfill-php56",
            "version": "v1.18.0",
            "source": {
                "type": "git",
                "url": "https://github.com/symfony/polyfill-php56.git",
                "reference": "13df84e91cd168f247c2f2ec82cc0fa24901c011"
            },
            "dist": {
                "type": "zip",
                "url": "https://api.github.com/repos/symfony/polyfill-php56/zipball/13df84e91cd168f247c2f2ec82cc0fa24901c011",
                "reference": "13df84e91cd168f247c2f2ec82cc0fa24901c011",
                "shasum": "",
                "mirrors": [
                    {
                        "url": "https://mirrors.aliyun.com/composer/dists/%package%/%reference%.%type%",
                        "preferred": true
                    }
                ]
            },
            "require": {
                "php": ">=5.3.3",
                "symfony/polyfill-util": "~1.0"
            },
            "type": "library",
            "extra": {
                "branch-alias": {
                    "dev-master": "1.18-dev"
                },
                "thanks": {
                    "name": "symfony/polyfill",
                    "url": "https://github.com/symfony/polyfill"
                }
            },
            "autoload": {
                "psr-4": {
                    "Symfony\\Polyfill\\Php56\\": ""
                },
                "files": [
                    "bootstrap.php"
                ]
            },
            "notification-url": "https://packagist.org/downloads/",
            "license": [
                "MIT"
            ],
            "authors": [
                {
                    "name": "Nicolas Grekas",
                    "email": "p@tchwork.com"
                },
                {
                    "name": "Symfony Community",
                    "homepage": "https://symfony.com/contributors"
                }
            ],
            "description": "Symfony polyfill backporting some PHP 5.6+ features to lower PHP versions",
            "homepage": "https://symfony.com",
            "keywords": [
                "compatibility",
                "polyfill",
                "portable",
                "shim"
            ],
            "time": "2020-07-14T12:35:20+00:00"
        },
        {
            "name": "symfony/polyfill-util",
            "version": "v1.18.0",
            "source": {
                "type": "git",
                "url": "https://github.com/symfony/polyfill-util.git",
                "reference": "46b910c71e9828f8ec2aa7a0314de1130d9b295a"
            },
            "dist": {
                "type": "zip",
                "url": "https://api.github.com/repos/symfony/polyfill-util/zipball/46b910c71e9828f8ec2aa7a0314de1130d9b295a",
                "reference": "46b910c71e9828f8ec2aa7a0314de1130d9b295a",
                "shasum": "",
                "mirrors": [
                    {
                        "url": "https://mirrors.aliyun.com/composer/dists/%package%/%reference%.%type%",
                        "preferred": true
                    }
                ]
            },
            "require": {
                "php": ">=5.3.3"
            },
            "type": "library",
            "extra": {
                "branch-alias": {
                    "dev-master": "1.18-dev"
                },
                "thanks": {
                    "name": "symfony/polyfill",
                    "url": "https://github.com/symfony/polyfill"
                }
            },
            "autoload": {
                "psr-4": {
                    "Symfony\\Polyfill\\Util\\": ""
                }
            },
            "notification-url": "https://packagist.org/downloads/",
            "license": [
                "MIT"
            ],
            "authors": [
                {
                    "name": "Nicolas Grekas",
                    "email": "p@tchwork.com"
                },
                {
                    "name": "Symfony Community",
                    "homepage": "https://symfony.com/contributors"
                }
            ],
            "description": "Symfony utilities for portability of PHP codes",
            "homepage": "https://symfony.com",
            "keywords": [
                "compat",
                "compatibility",
                "polyfill",
                "shim"
            ],
            "time": "2020-07-14T12:35:20+00:00"
        },
        {
            "name": "topthink/framework",
            "version": "v5.1.39",
            "source": {
                "type": "git",
                "url": "https://github.com/top-think/framework.git",
                "reference": "5762858f3d58faafb3a39427f8788884b2927007"
            },
            "dist": {
                "type": "zip",
                "url": "https://api.github.com/repos/top-think/framework/zipball/5762858f3d58faafb3a39427f8788884b2927007",
                "reference": "5762858f3d58faafb3a39427f8788884b2927007",
                "shasum": "",
                "mirrors": [
                    {
                        "url": "https://mirrors.aliyun.com/composer/dists/%package%/%reference%.%type%",
                        "preferred": true
                    }
                ]
            },
            "require": {
                "php": ">=5.6.0",
                "topthink/think-installer": "2.*"
            },
            "require-dev": {
                "johnkary/phpunit-speedtrap": "^1.0",
                "mikey179/vfsstream": "~1.6",
                "phpdocumentor/reflection-docblock": "^2.0",
                "phploc/phploc": "2.*",
                "phpunit/phpunit": "^5.0|^6.0",
                "sebastian/phpcpd": "2.*",
                "squizlabs/php_codesniffer": "2.*"
            },
            "type": "think-framework",
            "notification-url": "https://packagist.org/downloads/",
            "license": [
                "Apache-2.0"
            ],
            "authors": [
                {
                    "name": "liu21st",
                    "email": "liu21st@gmail.com"
                },
                {
                    "name": "yunwuxin",
                    "email": "448901948@qq.com"
                }
            ],
            "description": "the new thinkphp framework",
            "homepage": "http://thinkphp.cn/",
            "keywords": [
                "framework",
                "orm",
                "thinkphp"
            ],
            "time": "2019-11-17T23:22:02+00:00"
        },
        {
            "name": "topthink/think-helper",
            "version": "v3.1.4",
            "source": {
                "type": "git",
                "url": "https://github.com/top-think/think-helper.git",
                "reference": "c28d37743bda4a0455286ca85b17b5791d626e10"
            },
            "dist": {
                "type": "zip",
                "url": "https://api.github.com/repos/top-think/think-helper/zipball/c28d37743bda4a0455286ca85b17b5791d626e10",
                "reference": "c28d37743bda4a0455286ca85b17b5791d626e10",
                "shasum": "",
                "mirrors": [
                    {
                        "url": "https://mirrors.aliyun.com/composer/dists/%package%/%reference%.%type%",
                        "preferred": true
                    }
                ]
            },
            "require": {
                "php": ">=7.1.0"
            },
            "type": "library",
            "autoload": {
                "psr-4": {
                    "think\\": "src"
                },
                "files": [
                    "src/helper.php"
                ]
            },
            "notification-url": "https://packagist.org/downloads/",
            "license": [
                "Apache-2.0"
            ],
            "authors": [
                {
                    "name": "yunwuxin",
                    "email": "448901948@qq.com"
                }
            ],
            "description": "The ThinkPHP6 Helper Package",
            "time": "2019-11-08T08:01:10+00:00"
        },
        {
            "name": "topthink/think-installer",
            "version": "v2.0.0",
            "source": {
                "type": "git",
                "url": "https://github.com/top-think/think-installer.git",
                "reference": "f5400a12c60e513911aef41fe443fa6920952675"
            },
            "dist": {
                "type": "zip",
                "url": "https://api.github.com/repos/top-think/think-installer/zipball/f5400a12c60e513911aef41fe443fa6920952675",
                "reference": "f5400a12c60e513911aef41fe443fa6920952675",
                "shasum": "",
                "mirrors": [
                    {
                        "url": "https://mirrors.aliyun.com/composer/dists/%package%/%reference%.%type%",
                        "preferred": true
                    }
                ]
            },
            "require": {
                "composer-plugin-api": "^1.0"
            },
            "require-dev": {
                "composer/composer": "1.0.*@dev"
            },
            "type": "composer-plugin",
            "extra": {
                "class": "think\\composer\\Plugin"
            },
            "autoload": {
                "psr-4": {
                    "think\\composer\\": "src"
                }
            },
            "notification-url": "https://packagist.org/downloads/",
            "license": [
                "Apache-2.0"
            ],
            "authors": [
                {
                    "name": "yunwuxin",
                    "email": "448901948@qq.com"
                }
            ],
            "time": "2018-05-11T06:45:42+00:00"
        },
        {
            "name": "topthink/think-queue",
            "version": "v2.0.4",
            "source": {
                "type": "git",
                "url": "https://github.com/top-think/think-queue.git",
                "reference": "d9b8f38c7af8ad770257b0d7db711ce8b12a6969"
            },
            "dist": {
                "type": "zip",
                "url": "https://api.github.com/repos/top-think/think-queue/zipball/d9b8f38c7af8ad770257b0d7db711ce8b12a6969",
                "reference": "d9b8f38c7af8ad770257b0d7db711ce8b12a6969",
                "shasum": "",
                "mirrors": [
                    {
                        "url": "https://mirrors.aliyun.com/composer/dists/%package%/%reference%.%type%",
                        "preferred": true
                    }
                ]
            },
            "require": {
                "topthink/framework": "5.1.*",
                "topthink/think-helper": ">=1.0.4",
                "topthink/think-installer": "^2.0"
            },
            "type": "think-extend",
            "extra": {
                "think-config": {
                    "queue": "src/config.php"
                }
            },
            "autoload": {
                "psr-4": {
                    "think\\": "src"
                },
                "files": [
                    "src/common.php"
                ]
            },
            "notification-url": "https://packagist.org/downloads/",
            "license": [
                "Apache-2.0"
            ],
            "authors": [
                {
                    "name": "yunwuxin",
                    "email": "448901948@qq.com"
                }
            ],
            "description": "The ThinkPHP5 Queue Package",
            "time": "2018-05-11T06:55:55+00:00"
        },
        {
            "name": "topthink/think-swoole",
            "version": "v2.0.17",
            "source": {
                "type": "git",
                "url": "https://github.com/top-think/think-swoole.git",
                "reference": "c0e227c0f9b400cd1e8524d4cc22039d715a26e2"
            },
            "dist": {
                "type": "zip",
                "url": "https://api.github.com/repos/top-think/think-swoole/zipball/c0e227c0f9b400cd1e8524d4cc22039d715a26e2",
                "reference": "c0e227c0f9b400cd1e8524d4cc22039d715a26e2",
                "shasum": "",
                "mirrors": [
                    {
                        "url": "https://mirrors.aliyun.com/composer/dists/%package%/%reference%.%type%",
                        "preferred": true
                    }
                ]
            },
            "require": {
                "ext-swoole": ">=1.9.5",
                "jeremeamia/superclosure": "^2.4",
                "topthink/framework": "~5.1.20",
                "topthink/think-installer": "^2.0",
                "topthink/think-queue": "^2.0",
                "xavier/xcron-expression": "^0.11"
            },
            "type": "think-extend",
            "extra": {
                "think-config": {
                    "swoole": "src/config/swoole.php",
                    "swoole_server": "src/config/server.php",
                    "timer": "src/config/timer.php"
                }
            },
            "autoload": {
                "psr-4": {
                    "think\\swoole\\": "src"
                },
                "files": [
                    "src/command.php"
                ]
            },
            "notification-url": "https://packagist.org/downloads/",
            "license": [
                "Apache-2.0"
            ],
            "authors": [
                {
                    "name": "liu21st",
                    "email": "liu21st@gmail.com"
                }
            ],
            "description": "Swoole extend for thinkphp5.1",
            "time": "2019-01-23T03:34:37+00:00"
        },
        {
            "name": "xavier/xcron-expression",
            "version": "0.11",
            "source": {
                "type": "git",
                "url": "https://github.com/xavieryang007/xcron-expression.git",
                "reference": "a7fa8108ee8ad636625425a9795aae8ba4fee1b3"
            },
            "dist": {
                "type": "zip",
                "url": "https://api.github.com/repos/xavieryang007/xcron-expression/zipball/a7fa8108ee8ad636625425a9795aae8ba4fee1b3",
                "reference": "a7fa8108ee8ad636625425a9795aae8ba4fee1b3",
                "shasum": "",
                "mirrors": [
                    {
                        "url": "https://mirrors.aliyun.com/composer/dists/%package%/%reference%.%type%",
                        "preferred": true
                    }
                ]
            },
            "require": {
                "php": ">=7.0.0"
            },
            "require-dev": {
                "phpunit/phpunit": "~5.7"
            },
            "type": "library",
            "autoload": {
                "psr-4": {
                    "XCron\\": "src/Cron/"
                }
            },
            "notification-url": "https://packagist.org/downloads/",
            "license": [
                "MIT"
            ],
            "authors": [
                {
                    "name": "Michael Dowling",
                    "email": "mtdowling@gmail.com",
                    "homepage": "https://github.com/mtdowling"
                }
            ],
            "description": "base on Michael Dowling`s cron-expression",
            "keywords": [
                "cron",
                "schedule"
            ],
            "time": "2018-08-18T09:01:23+00:00"
        }
    ],
    "packages-dev": [],
    "aliases": [],
    "minimum-stability": "stable",
    "stability-flags": [],
    "prefer-stable": false,
    "prefer-lowest": false,
    "platform": {
        "php": ">=5.6.0"
    },
    "platform-dev": []
}
